
Microsoft Visual Studio Solution File, Format Version 12.00
# Visual Studio 15
VisualStudioVersion = 15.0.27428.2011
MinimumVisualStudioVersion = 10.0.40219.1
Project("{FAE04EC0-301F-11D3-BF4B-00C04F79EFBC}") = "ConsoleTest", "ConsoleTest\ConsoleTest.csproj", "{1FE5C6AC-A522-4F00-866A-0F6C4FE85B22}"
EndProject
Global
	GlobalSection(SolutionConfigurationPlatforms) = preSolution
		Debug|Any CPU = Debug|Any CPU
		Release|Any CPU = Release|Any CPU
	EndGlobalSection
	GlobalSection(ProjectConfigurationPlatforms) = postSolution
		{1FE5C6AC-A522-4F00-866A-0F6C4FE85B22}.Debug|Any CPU.ActiveCfg = Debug|Any CPU
		{1FE5C6AC-A522-4F00-866A-0F6C4FE85B22}.Debug|Any CPU.Build.0 = Debug|Any CPU
		{1FE5C6AC-A522-4F00-866A-0F6C4FE85B22}.Release|Any CPU.ActiveCfg = Release|Any CPU
		{1FE5C6AC-A522-4F00-866A-0F6C4FE85B22}.Release|Any CPU.Build.0 = Release|Any CPU
	EndGlobalSection
	GlobalSection(SolutionProperties) = preSolution
		HideSolutionNode = FALSE
	EndGlobalSection
	GlobalSection(ExtensibilityGlobals) = postSolution
		SolutionGuid = {B770FD7C-706A-437D-95F6-BD74B2A8FD96}
	EndGlobalSection
EndGlobal
